
Microsoft Visual Studio Solution File, Format Version 12.00
# Visual Studio Version 17
VisualStudioVersion = 17.9.34622.214
MinimumVisualStudioVersion = 10.0.40219.1
Project("{9A19103F-16F7-4668-BE54-9A1E7A4F7556}") = "Dane", "Dane\Dane.csproj", "{1923E106-4CAE-415F-A62D-366C1DE77F88}"
EndProject
Project("{9A19103F-16F7-4668-BE54-9A1E7A4F7556}") = "Logika", "Logika\Logika.csproj", "{BEA683E4-F56D-47EF-8826-F6A06766A3D6}"
EndProject
Project("{9A19103F-16F7-4668-BE54-9A1E7A4F7556}") = "DaneTest", "DaneTest\DaneTest.csproj", "{D334E15B-A3D6-4B93-A1BC-E7C75E1E62A9}"
EndProject
Project("{9A19103F-16F7-4668-BE54-9A1E7A4F7556}") = "LogikaTest", "LogikaTest\LogikaTest.csproj", "{BDCE6A59-2DC6-45FD-A84A-BDC62F255D62}"
EndProject
Project("{FAE04EC0-301F-11D3-BF4B-00C04F79EFBC}") = "Project", "..\WpfApp2\Project.csproj", "{6AADF2B4-7F88-4791-A8A6-00AC129FA40B}"
	ProjectSection(ProjectDependencies) = postProject
		{1923E106-4CAE-415F-A62D-366C1DE77F88} = {1923E106-4CAE-415F-A62D-366C1DE77F88}
		{BEA683E4-F56D-47EF-8826-F6A06766A3D6} = {BEA683E4-F56D-47EF-8826-F6A06766A3D6}
	EndProjectSection
EndProject
Global
	GlobalSection(SolutionConfigurationPlatforms) = preSolution
		Debug|Any CPU = Debug|Any CPU
		Release|Any CPU = Release|Any CPU
	EndGlobalSection
	GlobalSection(ProjectConfigurationPlatforms) = postSolution
		{1923E106-4CAE-415F-A62D-366C1DE77F88}.Debug|Any CPU.ActiveCfg = Debug|Any CPU
		{1923E106-4CAE-415F-A62D-366C1DE77F88}.Debug|Any CPU.Build.0 = Debug|Any CPU
		{1923E106-4CAE-415F-A62D-366C1DE77F88}.Release|Any CPU.ActiveCfg = Release|Any CPU
		{1923E106-4CAE-415F-A62D-366C1DE77F88}.Release|Any CPU.Build.0 = Release|Any CPU
		{BEA683E4-F56D-47EF-8826-F6A06766A3D6}.Debug|Any CPU.ActiveCfg = Debug|Any CPU
		{BEA683E4-F56D-47EF-8826-F6A06766A3D6}.Debug|Any CPU.Build.0 = Debug|Any CPU
		{BEA683E4-F56D-47EF-8826-F6A06766A3D6}.Release|Any CPU.ActiveCfg = Release|Any CPU
		{BEA683E4-F56D-47EF-8826-F6A06766A3D6}.Release|Any CPU.Build.0 = Release|Any CPU
		{D334E15B-A3D6-4B93-A1BC-E7C75E1E62A9}.Debug|Any CPU.ActiveCfg = Debug|Any CPU
		{D334E15B-A3D6-4B93-A1BC-E7C75E1E62A9}.Debug|Any CPU.Build.0 = Debug|Any CPU
		{D334E15B-A3D6-4B93-A1BC-E7C75E1E62A9}.Release|Any CPU.ActiveCfg = Release|Any CPU
		{D334E15B-A3D6-4B93-A1BC-E7C75E1E62A9}.Release|Any CPU.Build.0 = Release|Any CPU
		{BDCE6A59-2DC6-45FD-A84A-BDC62F255D62}.Debug|Any CPU.ActiveCfg = Debug|Any CPU
		{BDCE6A59-2DC6-45FD-A84A-BDC62F255D62}.Debug|Any CPU.Build.0 = Debug|Any CPU
		{BDCE6A59-2DC6-45FD-A84A-BDC62F255D62}.Release|Any CPU.ActiveCfg = Release|Any CPU
		{BDCE6A59-2DC6-45FD-A84A-BDC62F255D62}.Release|Any CPU.Build.0 = Release|Any CPU
		{6AADF2B4-7F88-4791-A8A6-00AC129FA40B}.Debug|Any CPU.ActiveCfg = Debug|Any CPU
		{6AADF2B4-7F88-4791-A8A6-00AC129FA40B}.Debug|Any CPU.Build.0 = Debug|Any CPU
		{6AADF2B4-7F88-4791-A8A6-00AC129FA40B}.Release|Any CPU.ActiveCfg = Release|Any CPU
		{6AADF2B4-7F88-4791-A8A6-00AC129FA40B}.Release|Any CPU.Build.0 = Release|Any CPU
	EndGlobalSection
	GlobalSection(SolutionProperties) = preSolution
		HideSolutionNode = FALSE
	EndGlobalSection
	GlobalSection(ExtensibilityGlobals) = postSolution
		SolutionGuid = {EA0DA5F1-17EF-4A6A-9ABD-AA92543905E8}
	EndGlobalSection
EndGlobal
